
Microsoft Visual Studio Solution File, Format Version 12.00
# Visual Studio Version 17
VisualStudioVersion = 17.0.31912.275
MinimumVisualStudioVersion = 10.0.40219.1
Project("{FAE04EC0-301F-11D3-BF4B-00C04F79EFBC}") = "PdfGenerator", "PdfGenerator\PdfGenerator.csproj", "{4D173AAA-2335-4759-9F70-9BDFDCC5A5D4}"
EndProject
Project("{E53339B2-1760-4266-BCC7-CA923CBCF16C}") = "docker-compose", "docker-compose.dcproj", "{D1351C5D-B3E3-4A37-A022-1FF777445F81}"
EndProject
Global
	GlobalSection(SolutionConfigurationPlatforms) = preSolution
		Debug|Any CPU = Debug|Any CPU
		Release|Any CPU = Release|Any CPU
	EndGlobalSection
	GlobalSection(ProjectConfigurationPlatforms) = postSolution
		{4D173AAA-2335-4759-9F70-9BDFDCC5A5D4}.Debug|Any CPU.ActiveCfg = Debug|Any CPU
		{4D173AAA-2335-4759-9F70-9BDFDCC5A5D4}.Debug|Any CPU.Build.0 = Debug|Any CPU
		{4D173AAA-2335-4759-9F70-9BDFDCC5A5D4}.Release|Any CPU.ActiveCfg = Release|Any CPU
		{4D173AAA-2335-4759-9F70-9BDFDCC5A5D4}.Release|Any CPU.Build.0 = Release|Any CPU
		{D1351C5D-B3E3-4A37-A022-1FF777445F81}.Debug|Any CPU.ActiveCfg = Debug|Any CPU
		{D1351C5D-B3E3-4A37-A022-1FF777445F81}.Debug|Any CPU.Build.0 = Debug|Any CPU
		{D1351C5D-B3E3-4A37-A022-1FF777445F81}.Release|Any CPU.ActiveCfg = Release|Any CPU
		{D1351C5D-B3E3-4A37-A022-1FF777445F81}.Release|Any CPU.Build.0 = Release|Any CPU
	EndGlobalSection
	GlobalSection(SolutionProperties) = preSolution
		HideSolutionNode = FALSE
	EndGlobalSection
	GlobalSection(ExtensibilityGlobals) = postSolution
		SolutionGuid = {85C5DBA8-D2C5-4878-B266-9D1B0870D162}
	EndGlobalSection
EndGlobal
